
Microsoft Visual Studio Solution File, Format Version 12.00
# Visual Studio Version 16
VisualStudioVersion = 16.0.30523.141
MinimumVisualStudioVersion = 10.0.40219.1
Project("{9A19103F-16F7-4668-BE54-9A1E7A4F7556}") = "Lyra.Producer", "Lyra.Producer\Lyra.Producer.csproj", "{AA0F3E50-65C0-4EAA-9EF1-040C129F13E9}"
EndProject
Project("{9A19103F-16F7-4668-BE54-9A1E7A4F7556}") = "Lyra.Consumer", "Lyra.Consumer\Lyra.Consumer.csproj", "{F4BFEEB4-E08A-4C18-B369-2ABCB5CBE51B}"
EndProject
Project("{2150E333-8FDC-42A3-9474-1A3956D46DE8}") = "Solution Items", "Solution Items", "{34B4702E-5E4D-4CCE-985B-40640DD62E95}"
	ProjectSection(SolutionItems) = preProject
		.gitignore = .gitignore
		docker-compose.yml = docker-compose.yml
		README.md = README.md
	EndProjectSection
EndProject
Project("{9A19103F-16F7-4668-BE54-9A1E7A4F7556}") = "Lyra.Contracts", "Lyra.Contracts\Lyra.Contracts.csproj", "{36FCC797-74CA-4775-9653-977579D016D2}"
EndProject
Global
	GlobalSection(SolutionConfigurationPlatforms) = preSolution
		Debug|Any CPU = Debug|Any CPU
		Release|Any CPU = Release|Any CPU
	EndGlobalSection
	GlobalSection(ProjectConfigurationPlatforms) = postSolution
		{AA0F3E50-65C0-4EAA-9EF1-040C129F13E9}.Debug|Any CPU.ActiveCfg = Debug|Any CPU
		{AA0F3E50-65C0-4EAA-9EF1-040C129F13E9}.Debug|Any CPU.Build.0 = Debug|Any CPU
		{AA0F3E50-65C0-4EAA-9EF1-040C129F13E9}.Release|Any CPU.ActiveCfg = Release|Any CPU
		{AA0F3E50-65C0-4EAA-9EF1-040C129F13E9}.Release|Any CPU.Build.0 = Release|Any CPU
		{F4BFEEB4-E08A-4C18-B369-2ABCB5CBE51B}.Debug|Any CPU.ActiveCfg = Debug|Any CPU
		{F4BFEEB4-E08A-4C18-B369-2ABCB5CBE51B}.Debug|Any CPU.Build.0 = Debug|Any CPU
		{F4BFEEB4-E08A-4C18-B369-2ABCB5CBE51B}.Release|Any CPU.ActiveCfg = Release|Any CPU
		{F4BFEEB4-E08A-4C18-B369-2ABCB5CBE51B}.Release|Any CPU.Build.0 = Release|Any CPU
		{36FCC797-74CA-4775-9653-977579D016D2}.Debug|Any CPU.ActiveCfg = Debug|Any CPU
		{36FCC797-74CA-4775-9653-977579D016D2}.Debug|Any CPU.Build.0 = Debug|Any CPU
		{36FCC797-74CA-4775-9653-977579D016D2}.Release|Any CPU.ActiveCfg = Release|Any CPU
		{36FCC797-74CA-4775-9653-977579D016D2}.Release|Any CPU.Build.0 = Release|Any CPU
	EndGlobalSection
	GlobalSection(SolutionProperties) = preSolution
		HideSolutionNode = FALSE
	EndGlobalSection
	GlobalSection(ExtensibilityGlobals) = postSolution
		SolutionGuid = {E3FDCED6-BBF2-46F0-86AF-44243B8C6CAA}
	EndGlobalSection
EndGlobal
